
Microsoft Visual Studio Solution File, Format Version 12.00
# Visual Studio Version 17
VisualStudioVersion = 17.7.34024.191
MinimumVisualStudioVersion = 10.0.40219.1
Project("{FAE04EC0-301F-11D3-BF4B-00C04F79EFBC}") = "OddEven", "OddEven\OddEven.csproj", "{A72D83E8-61EA-40E8-B4A9-5604C3962AC9}"
EndProject
Global
	GlobalSection(SolutionConfigurationPlatforms) = preSolution
		Debug|Any CPU = Debug|Any CPU
		Release|Any CPU = Release|Any CPU
	EndGlobalSection
	GlobalSection(ProjectConfigurationPlatforms) = postSolution
		{A72D83E8-61EA-40E8-B4A9-5604C3962AC9}.Debug|Any CPU.ActiveCfg = Debug|Any CPU
		{A72D83E8-61EA-40E8-B4A9-5604C3962AC9}.Debug|Any CPU.Build.0 = Debug|Any CPU
		{A72D83E8-61EA-40E8-B4A9-5604C3962AC9}.Release|Any CPU.ActiveCfg = Release|Any CPU
		{A72D83E8-61EA-40E8-B4A9-5604C3962AC9}.Release|Any CPU.Build.0 = Release|Any CPU
	EndGlobalSection
	GlobalSection(SolutionProperties) = preSolution
		HideSolutionNode = FALSE
	EndGlobalSection
	GlobalSection(ExtensibilityGlobals) = postSolution
		SolutionGuid = {2C8350D7-0B3F-457A-9BF0-706F16B152F7}
	EndGlobalSection
EndGlobal
