
Microsoft Visual Studio Solution File, Format Version 12.00
# Visual Studio Version 17
VisualStudioVersion = 17.7.34024.191
MinimumVisualStudioVersion = 10.0.40219.1
Project("{FAE04EC0-301F-11D3-BF4B-00C04F79EFBC}") = "GradingSystem", "GradingSystem\GradingSystem.csproj", "{7B8C581D-56C9-436E-ACD6-6B5A7FEAA0FB}"
EndProject
Global
	GlobalSection(SolutionConfigurationPlatforms) = preSolution
		Debug|Any CPU = Debug|Any CPU
		Release|Any CPU = Release|Any CPU
	EndGlobalSection
	GlobalSection(ProjectConfigurationPlatforms) = postSolution
		{7B8C581D-56C9-436E-ACD6-6B5A7FEAA0FB}.Debug|Any CPU.ActiveCfg = Debug|Any CPU
		{7B8C581D-56C9-436E-ACD6-6B5A7FEAA0FB}.Debug|Any CPU.Build.0 = Debug|Any CPU
		{7B8C581D-56C9-436E-ACD6-6B5A7FEAA0FB}.Release|Any CPU.ActiveCfg = Release|Any CPU
		{7B8C581D-56C9-436E-ACD6-6B5A7FEAA0FB}.Release|Any CPU.Build.0 = Release|Any CPU
	EndGlobalSection
	GlobalSection(SolutionProperties) = preSolution
		HideSolutionNode = FALSE
	EndGlobalSection
	GlobalSection(ExtensibilityGlobals) = postSolution
		SolutionGuid = {02620C14-203D-4D97-84AA-BB1B0803B0D1}
	EndGlobalSection
EndGlobal
